
Microsoft Visual Studio Solution File, Format Version 12.00
# Visual Studio Version 17
VisualStudioVersion = 17.5.002.0
MinimumVisualStudioVersion = 10.0.40219.1
Project("{9A19103F-16F7-4668-BE54-9A1E7A4F7556}") = "restaurant", "W2_restaurant\restaurant.csproj", "{01316A02-5C35-45A3-8B69-CF0C85280E26}"
EndProject
Global
	GlobalSection(SolutionConfigurationPlatforms) = preSolution
		Debug|Any CPU = Debug|Any CPU
		Release|Any CPU = Release|Any CPU
	EndGlobalSection
	GlobalSection(ProjectConfigurationPlatforms) = postSolution
		{01316A02-5C35-45A3-8B69-CF0C85280E26}.Debug|Any CPU.ActiveCfg = Debug|Any CPU
		{01316A02-5C35-45A3-8B69-CF0C85280E26}.Debug|Any CPU.Build.0 = Debug|Any CPU
		{01316A02-5C35-45A3-8B69-CF0C85280E26}.Release|Any CPU.ActiveCfg = Release|Any CPU
		{01316A02-5C35-45A3-8B69-CF0C85280E26}.Release|Any CPU.Build.0 = Release|Any CPU
	EndGlobalSection
	GlobalSection(SolutionProperties) = preSolution
		HideSolutionNode = FALSE
	EndGlobalSection
	GlobalSection(ExtensibilityGlobals) = postSolution
		SolutionGuid = {1D695FCE-295A-41F5-BA3A-E04013E87319}
	EndGlobalSection
EndGlobal
